
Microsoft Visual Studio Solution File, Format Version 12.00
# Visual Studio Version 17
VisualStudioVersion = 17.10.35027.167
MinimumVisualStudioVersion = 10.0.40219.1
Project("{FAE04EC0-301F-11D3-BF4B-00C04F79EFBC}") = "PrintNumbersLib", "PrintNumbersLib\PrintNumbersLib.csproj", "{D8464DF2-F793-4CCA-A564-863182A62375}"
EndProject
Project("{FAE04EC0-301F-11D3-BF4B-00C04F79EFBC}") = "PrintNumbersLib.Tests", "PrintNumbersLib.Tests\PrintNumbersLib.Tests.csproj", "{3087FD9C-D38D-4A03-B06C-936B5AFE8964}"
EndProject
Project("{FAE04EC0-301F-11D3-BF4B-00C04F79EFBC}") = "PrintNumbers", "PrintNumbers\PrintNumbers.csproj", "{95A8D5BB-7297-4F57-9E16-8B301217D968}"
EndProject
Global
	GlobalSection(SolutionProperties) = preSolution
		HideSolutionNode = FALSE
	EndGlobalSection
	GlobalSection(ExtensibilityGlobals) = postSolution
		SolutionGuid = {653FE235-5DBC-4E41-B6E3-9ACE6CF5846E}
	EndGlobalSection
	GlobalSection(SolutionConfigurationPlatforms) = preSolution
		Debug|Any CPU = Debug|Any CPU
		Debug|x64 = Debug|x64
		Debug|x86 = Debug|x86
		Release|Any CPU = Release|Any CPU
		Release|x64 = Release|x64
		Release|x86 = Release|x86
	EndGlobalSection
	GlobalSection(ProjectConfigurationPlatforms) = postSolution
		{D8464DF2-F793-4CCA-A564-863182A62375}.Debug|Any CPU.ActiveCfg = Debug|Any CPU
		{D8464DF2-F793-4CCA-A564-863182A62375}.Debug|Any CPU.Build.0 = Debug|Any CPU
		{D8464DF2-F793-4CCA-A564-863182A62375}.Debug|x64.ActiveCfg = Debug|Any CPU
		{D8464DF2-F793-4CCA-A564-863182A62375}.Debug|x64.Build.0 = Debug|Any CPU
		{D8464DF2-F793-4CCA-A564-863182A62375}.Debug|x86.ActiveCfg = Debug|Any CPU
		{D8464DF2-F793-4CCA-A564-863182A62375}.Debug|x86.Build.0 = Debug|Any CPU
		{D8464DF2-F793-4CCA-A564-863182A62375}.Release|Any CPU.ActiveCfg = Release|Any CPU
		{D8464DF2-F793-4CCA-A564-863182A62375}.Release|Any CPU.Build.0 = Release|Any CPU
		{D8464DF2-F793-4CCA-A564-863182A62375}.Release|x64.ActiveCfg = Release|Any CPU
		{D8464DF2-F793-4CCA-A564-863182A62375}.Release|x64.Build.0 = Release|Any CPU
		{D8464DF2-F793-4CCA-A564-863182A62375}.Release|x86.ActiveCfg = Release|Any CPU
		{D8464DF2-F793-4CCA-A564-863182A62375}.Release|x86.Build.0 = Release|Any CPU
		{3087FD9C-D38D-4A03-B06C-936B5AFE8964}.Debug|Any CPU.ActiveCfg = Debug|Any CPU
		{3087FD9C-D38D-4A03-B06C-936B5AFE8964}.Debug|Any CPU.Build.0 = Debug|Any CPU
		{3087FD9C-D38D-4A03-B06C-936B5AFE8964}.Debug|x64.ActiveCfg = Debug|Any CPU
		{3087FD9C-D38D-4A03-B06C-936B5AFE8964}.Debug|x64.Build.0 = Debug|Any CPU
		{3087FD9C-D38D-4A03-B06C-936B5AFE8964}.Debug|x86.ActiveCfg = Debug|Any CPU
		{3087FD9C-D38D-4A03-B06C-936B5AFE8964}.Debug|x86.Build.0 = Debug|Any CPU
		{3087FD9C-D38D-4A03-B06C-936B5AFE8964}.Release|Any CPU.ActiveCfg = Release|Any CPU
		{3087FD9C-D38D-4A03-B06C-936B5AFE8964}.Release|Any CPU.Build.0 = Release|Any CPU
		{3087FD9C-D38D-4A03-B06C-936B5AFE8964}.Release|x64.ActiveCfg = Release|Any CPU
		{3087FD9C-D38D-4A03-B06C-936B5AFE8964}.Release|x64.Build.0 = Release|Any CPU
		{3087FD9C-D38D-4A03-B06C-936B5AFE8964}.Release|x86.ActiveCfg = Release|Any CPU
		{3087FD9C-D38D-4A03-B06C-936B5AFE8964}.Release|x86.Build.0 = Release|Any CPU
		{95A8D5BB-7297-4F57-9E16-8B301217D968}.Debug|Any CPU.ActiveCfg = Debug|Any CPU
		{95A8D5BB-7297-4F57-9E16-8B301217D968}.Debug|Any CPU.Build.0 = Debug|Any CPU
		{95A8D5BB-7297-4F57-9E16-8B301217D968}.Debug|x64.ActiveCfg = Debug|Any CPU
		{95A8D5BB-7297-4F57-9E16-8B301217D968}.Debug|x64.Build.0 = Debug|Any CPU
		{95A8D5BB-7297-4F57-9E16-8B301217D968}.Debug|x86.ActiveCfg = Debug|Any CPU
		{95A8D5BB-7297-4F57-9E16-8B301217D968}.Debug|x86.Build.0 = Debug|Any CPU
		{95A8D5BB-7297-4F57-9E16-8B301217D968}.Release|Any CPU.ActiveCfg = Release|Any CPU
		{95A8D5BB-7297-4F57-9E16-8B301217D968}.Release|Any CPU.Build.0 = Release|Any CPU
		{95A8D5BB-7297-4F57-9E16-8B301217D968}.Release|x64.ActiveCfg = Release|Any CPU
		{95A8D5BB-7297-4F57-9E16-8B301217D968}.Release|x64.Build.0 = Release|Any CPU
		{95A8D5BB-7297-4F57-9E16-8B301217D968}.Release|x86.ActiveCfg = Release|Any CPU
		{95A8D5BB-7297-4F57-9E16-8B301217D968}.Release|x86.Build.0 = Release|Any CPU
	EndGlobalSection
EndGlobal
